
Microsoft Visual Studio Solution File, Format Version 12.00
# Visual Studio 14
VisualStudioVersion = 14.0.25420.1
MinimumVisualStudioVersion = 10.0.40219.1
Project("{FAE04EC0-301F-11D3-BF4B-00C04F79EFBC}") = "SerialLCD", "SerialLCD\SerialLCD.csproj", "{EF925A47-3917-4127-8C8B-EFFC540E9DEC}"
EndProject
Project("{FAE04EC0-301F-11D3-BF4B-00C04F79EFBC}") = "BitmapProcessing", "BitmapProcessing\BitmapProcessing.csproj", "{3816600B-B417-460D-8457-96039058B03E}"
EndProject
Global
	GlobalSection(SolutionConfigurationPlatforms) = preSolution
		Debug|Any CPU = Debug|Any CPU
		Release|Any CPU = Release|Any CPU
	EndGlobalSection
	GlobalSection(ProjectConfigurationPlatforms) = postSolution
		{EF925A47-3917-4127-8C8B-EFFC540E9DEC}.Debug|Any CPU.ActiveCfg = Debug|Any CPU
		{EF925A47-3917-4127-8C8B-EFFC540E9DEC}.Debug|Any CPU.Build.0 = Debug|Any CPU
		{EF925A47-3917-4127-8C8B-EFFC540E9DEC}.Release|Any CPU.ActiveCfg = Release|Any CPU
		{EF925A47-3917-4127-8C8B-EFFC540E9DEC}.Release|Any CPU.Build.0 = Release|Any CPU
		{3816600B-B417-460D-8457-96039058B03E}.Debug|Any CPU.ActiveCfg = Debug|Any CPU
		{3816600B-B417-460D-8457-96039058B03E}.Debug|Any CPU.Build.0 = Debug|Any CPU
		{3816600B-B417-460D-8457-96039058B03E}.Release|Any CPU.ActiveCfg = Release|Any CPU
		{3816600B-B417-460D-8457-96039058B03E}.Release|Any CPU.Build.0 = Release|Any CPU
	EndGlobalSection
	GlobalSection(SolutionProperties) = preSolution
		HideSolutionNode = FALSE
	EndGlobalSection
EndGlobal
